// !$*UTF8*$!
{
	archiveVersion = 1;
	classes = {
	};
	objectVersion = 46;
	objects = {

/* Begin PBXBuildFile section */
		00A5E7491B8D841300D6409C /* main.m in Sources */ = {isa = PBXBuildFile; fileRef = 00A5E7481B8D841300D6409C /* main.m */; };
		00A5E74C1B8D841300D6409C /* AppDelegate.m in Sources */ = {isa = PBXBuildFile; fileRef = 00A5E74B1B8D841300D6409C /* AppDelegate.m */; };
		00A5E74F1B8D841300D6409C /* ViewController.m in Sources */ = {isa = PBXBuildFile; fileRef = 00A5E74E1B8D841300D6409C /* ViewController.m */; };
		00A5E7521B8D841300D6409C /* Main.storyboard in Resources */ = {isa = PBXBuildFile; fileRef = 00A5E7501B8D841300D6409C /* Main.storyboard */; };
		00A5E7541B8D841300D6409C /* Images.xcassets in Resources */ = {isa = PBXBuildFile; fileRef = 00A5E7531B8D841300D6409C /* Images.xcassets */; };
		00A5E7571B8D841300D6409C /* LaunchScreen.xib in Resources */ = {isa = PBXBuildFile; fileRef = 00A5E7551B8D841300D6409C /* LaunchScreen.xib */; };
		00A5E7631B8D841300D6409C /* MethodSwizzlingTests.m in Sources */ = {isa = PBXBuildFile; fileRef = 00A5E7621B8D841300D6409C /* MethodSwizzlingTests.m */; };
/* End PBXBuildFile section */

/* Begin PBXContainerItemProxy section */
		00A5E75D1B8D841300D6409C /* PBXContainerItemProxy */ = {
			isa = PBXContainerItemProxy;
			containerPortal = 00A5E73B1B8D841300D6409C /* Project object */;
			proxyType = 1;
			remoteGlobalIDString = 00A5E7421B8D841300D6409C;
			remoteInfo = MethodSwizzling;
		};
/* End PBXContainerItemProxy section */

/* Begin PBXFileReference section */
		00A5E7431B8D841300D6409C /* MethodSwizzling.app */ = {isa = PBXFileReference; explicitFileType = wrapper.application; includeInIndex = 0; path = MethodSwizzling.app; sourceTree = BUILT_PRODUCTS_DIR; };
		00A5E7471B8D841300D6409C /* Info.plist */ = {isa = PBXFileReference; lastKnownFileType = text.plist.xml; path = Info.plist; sourceTree = "<group>"; };
		00A5E7481B8D841300D6409C /* main.m */ = {isa = PBXFileReference; lastKnownFileType = sourcecode.c.objc; path = main.m; sourceTree = "<group>"; };
		00A5E74A1B8D841300D6409C /* AppDelegate.h */ = {isa = PBXFileReference; lastKnownFileType = sourcecode.c.h; path = AppDelegate.h; sourceTree = "<group>"; };
		00A5E74B1B8D841300D6409C /* AppDelegate.m */ = {isa = PBXFileReference; lastKnownFileType = sourcecode.c.objc; path = AppDelegate.m; sourceTree = "<group>"; };
		00A5E74D1B8D841300D6409C /* ViewController.h */ = {isa = PBXFileReference; lastKnownFileType = sourcecode.c.h; path = ViewController.h; sourceTree = "<group>"; };
		00A5E74E1B8D841300D6409C /* ViewController.m */ = {isa = PBXFileReference; lastKnownFileType = sourcecode.c.objc; path = ViewController.m; sourceTree = "<group>"; };
		00A5E7511B8D841300D6409C /* Base */ = {isa = PBXFileReference; lastKnownFileType = file.storyboard; name = Base; path = Base.lproj/Main.storyboard; sourceTree = "<group>"; };
		00A5E7531B8D841300D6409C /* Images.xcassets */ = {isa = PBXFileReference; lastKnownFileType = folder.assetcatalog; path = Images.xcassets; sourceTree = "<group>"; };
		00A5E7561B8D841300D6409C /* Base */ = {isa = PBXFileReference; lastKnownFileType = file.xib; name = Base; path = Base.lproj/LaunchScreen.xib; sourceTree = "<group>"; };
		00A5E75C1B8D841300D6409C /* MethodSwizzlingTests.xctest */ = {isa = PBXFileReference; explicitFileType = wrapper.cfbundle; includeInIndex = 0; path = MethodSwizzlingTests.xctest; sourceTree = BUILT_PRODUCTS_DIR; };
		00A5E7611B8D841300D6409C /* Info.plist */ = {isa = PBXFileReference; lastKnownFileType = text.plist.xml; path = Info.plist; sourceTree = "<group>"; };
		00A5E7621B8D841300D6409C /* MethodSwizzlingTests.m */ = {isa = PBXFileReference; lastKnownFileType = sourcecode.c.objc; path = MethodSwizzlingTests.m; sourceTree = "<group>"; };
/* End PBXFileReference section */

/* Begin PBXFrameworksBuildPhase section */
		00A5E7401B8D841300D6409C /* Frameworks */ = {
			isa = PBXFrameworksBuildPhase;
			buildActionMask = 2147483647;
			files = (
			);
			runOnlyForDeploymentPostprocessing = 0;
		};
		00A5E7591B8D841300D6409C /* Frameworks */ = {
			isa = PBXFrameworksBuildPhase;
			buildActionMask = 2147483647;
			files = (
			);
			runOnlyForDeploymentPostprocessing = 0;
		};
/* End PBXFrameworksBuildPhase section */

/* Begin PBXGroup section */
		00A5E73A1B8D841300D6409C = {
			isa = PBXGroup;
			children = (
				00A5E7451B8D841300D6409C /* MethodSwizzling */,
				00A5E75F1B8D841300D6409C /* MethodSwizzlingTests */,
				00A5E7441B8D841300D6409C /* Products */,
			);
			sourceTree = "<group>";
		};
		00A5E7441B8D841300D6409C /* Products */ = {
			isa = PBXGroup;
			children = (
				00A5E7431B8D841300D6409C /* MethodSwizzling.app */,
				00A5E75C1B8D841300D6409C /* MethodSwizzlingTests.xctest */,
			);
			name = Products;
			sourceTree = "<group>";
		};
		00A5E7451B8D841300D6409C /* MethodSwizzling */ = {
			isa = PBXGroup;
			children = (
				00A5E74A1B8D841300D6409C /* AppDelegate.h */,
				00A5E74B1B8D841300D6409C /* AppDelegate.m */,
				00A5E74D1B8D841300D6409C /* ViewController.h */,
				00A5E74E1B8D841300D6409C /* ViewController.m */,
				00A5E7501B8D841300D6409C /* Main.storyboard */,
				00A5E7531B8D841300D6409C /* Images.xcassets */,
				00A5E7551B8D841300D6409C /* LaunchScreen.xib */,
				00A5E7461B8D841300D6409C /* Supporting Files */,
			);
			path = MethodSwizzling;
			sourceTree = "<group>";
		};
		00A5E7461B8D841300D6409C /* Supporting Files */ = {
			isa = PBXGroup;
			children = (
				00A5E7471B8D841300D6409C /* Info.plist */,
				00A5E7481B8D841300D6409C /* main.m */,
			);
			name = "Supporting Files";
			sourceTree = "<group>";
		};
		00A5E75F1B8D841300D6409C /* MethodSwizzlingTests */ = {
			isa = PBXGroup;
			children = (
				00A5E7621B8D841300D6409C /* MethodSwizzlingTests.m */,
				00A5E7601B8D841300D6409C /* Supporting Files */,
			);
			path = MethodSwizzlingTests;
			sourceTree = "<group>";
		};
		00A5E7601B8D841300D6409C /* Supporting Files */ = {
			isa = PBXGroup;
			children = (
				00A5E7611B8D841300D6409C /* Info.plist */,
			);
			name = "Supporting Files";
			sourceTree = "<group>";
		};
/* End PBXGroup section */

/* Begin PBXNativeTarget section */
		00A5E7421B8D841300D6409C /* MethodSwizzling */ = {
			isa = PBXNativeTarget;
			buildConfigurationList = 00A5E7661B8D841300D6409C /* Build configuration list for PBXNativeTarget "MethodSwizzling" */;
			buildPhases = (
				00A5E73F1B8D841300D6409C /* Sources */,
				00A5E7401B8D841300D6409C /* Frameworks */,
				00A5E7411B8D841300D6409C /* Resources */,
			);
			buildRules = (
			);
			dependencies = (
			);
			name = MethodSwizzling;
			productName = MethodSwizzling;
			productReference = 00A5E7431B8D841300D6409C /* MethodSwizzling.app */;
			productType = "com.apple.product-type.application";
		};
		00A5E75B1B8D841300D6409C /* MethodSwizzlingTests */ = {
			isa = PBXNativeTarget;
			buildConfigurationList = 00A5E7691B8D841300D6409C /* Build configuration list for PBXNativeTarget "MethodSwizzlingTests" */;
			buildPhases = (
				00A5E7581B8D841300D6409C /* Sources */,
				00A5E7591B8D841300D6409C /* Frameworks */,
				00A5E75A1B8D841300D6409C /* Resources */,
			);
			buildRules = (
			);
			dependencies = (
				00A5E75E1B8D841300D6409C /* PBXTargetDependency */,
			);
			name = MethodSwizzlingTests;
			productName = MethodSwizzlingTests;
			productReference = 00A5E75C1B8D841300D6409C /* MethodSwizzlingTests.xctest */;
			productType = "com.apple.product-type.bundle.unit-test";
		};
/* End PBXNativeTarget section */

/* Begin PBXProject section */
		00A5E73B1B8D841300D6409C /* Project object */ = {
			isa = PBXProject;
			attributes = {
				LastUpgradeCheck = 0640;
				ORGANIZATIONNAME = RexMa;
				TargetAttributes = {
					00A5E7421B8D841300D6409C = {
						CreatedOnToolsVersion = 6.4;
					};
					00A5E75B1B8D841300D6409C = {
						CreatedOnToolsVersion = 6.4;
						TestTargetID = 00A5E7421B8D841300D6409C;
					};
				};
			};
			buildConfigurationList = 00A5E73E1B8D841300D6409C /* Build configuration list for PBXProject "MethodSwizzling" */;
			compatibilityVersion = "Xcode 3.2";
			developmentRegion = English;
			hasScannedForEncodings = 0;
			knownRegions = (
				en,
				Base,
			);
			mainGroup = 00A5E73A1B8D841300D6409C;
			productRefGroup = 00A5E7441B8D841300D6409C /* Products */;
			projectDirPath = "";
			projectRoot = "";
			targets = (
				00A5E7421B8D841300D6409C /* MethodSwizzling */,
				00A5E75B1B8D841300D6409C /* MethodSwizzlingTests */,
			);
		};
/* End PBXProject section */

/* Begin PBXResourcesBuildPhase section */
		00A5E7411B8D841300D6409C /* Resources */ = {
			isa = PBXResourcesBuildPhase;
			buildActionMask = 2147483647;
			files = (
				00A5E7521B8D841300D6409C /* Main.storyboard in Resources */,
				00A5E7571B8D841300D6409C /* LaunchScreen.xib in Resources */,
				00A5E7541B8D841300D6409C /* Images.xcassets in Resources */,
			);
			runOnlyForDeploymentPostprocessing = 0;
		};
		00A5E75A1B8D841300D6409C /* Resources */ = {
			isa = PBXResourcesBuildPhase;
			buildActionMask = 2147483647;
			files = (
			);
			runOnlyForDeploymentPostprocessing = 0;
		};
/* End PBXResourcesBuildPhase section */

/* Begin PBXSourcesBuildPhase section */
		00A5E73F1B8D841300D6409C /* Sources */ = {
			isa = PBXSourcesBuildPhase;
			buildActionMask = 2147483647;
			files = (
				00A5E74F1B8D841300D6409C /* ViewController.m in Sources */,
				00A5E74C1B8D841300D6409C /* AppDelegate.m in Sources */,
				00A5E7491B8D841300D6409C /* main.m in Sources */,
			);
			runOnlyForDeploymentPostprocessing = 0;
		};
		00A5E7581B8D841300D6409C /* Sources */ = {
			isa = PBXSourcesBuildPhase;
			buildActionMask = 2147483647;
			files = (
				00A5E7631B8D841300D6409C /* MethodSwizzlingTests.m in Sources */,
			);
			runOnlyForDeploymentPostprocessing = 0;
		};
/* End PBXSourcesBuildPhase section */

/* Begin PBXTargetDependency section */
		00A5E75E1B8D841300D6409C /* PBXTargetDependency */ = {
			isa = PBXTargetDependency;
			target = 00A5E7421B8D841300D6409C /* MethodSwizzling */;
			targetProxy = 00A5E75D1B8D841300D6409C /* PBXContainerItemProxy */;
		};
/* End PBXTargetDependency section */

/* Begin PBXVariantGroup section */
		00A5E7501B8D841300D6409C /* Main.storyboard */ = {
			isa = PBXVariantGroup;
			children = (
				00A5E7511B8D841300D6409C /* Base */,
			);
			name = Main.storyboard;
			sourceTree = "<group>";
		};
		00A5E7551B8D841300D6409C /* LaunchScreen.xib */ = {
			isa = PBXVariantGroup;
			children = (
				00A5E7561B8D841300D6409C /* Base */,
			);
			name = LaunchScreen.xib;
			sourceTree = "<group>";
		};
/* End PBXVariantGroup section */

/* Begin XCBuildConfiguration section */
		00A5E7641B8D841300D6409C /* Debug */ = {
			isa = XCBuildConfiguration;
			buildSettings = {
				ALWAYS_SEARCH_USER_PATHS = NO;
				CLANG_CXX_LANGUAGE_STANDARD = "gnu++0x";
				CLANG_CXX_LIBRARY = "libc++";
				CLANG_ENABLE_MODULES = YES;
				CLANG_ENABLE_OBJC_ARC = YES;
				CLANG_WARN_BOOL_CONVERSION = YES;
				CLANG_WARN_CONSTANT_CONVERSION = YES;
				CLANG_WARN_DIRECT_OBJC_ISA_USAGE = YES_ERROR;
				CLANG_WARN_EMPTY_BODY = YES;
				CLANG_WARN_ENUM_CONVERSION = YES;
				CLANG_WARN_INT_CONVERSION = YES;
				CLANG_WARN_OBJC_ROOT_CLASS = YES_ERROR;
				CLANG_WARN_UNREACHABLE_CODE = YES;
				CLANG_WARN__DUPLICATE_METHOD_MATCH = YES;
				"CODE_SIGN_IDENTITY[sdk=iphoneos*]" = "iPhone Developer";
				COPY_PHASE_STRIP = NO;
				DEBUG_INFORMATION_FORMAT = "dwarf-with-dsym";
				ENABLE_STRICT_OBJC_MSGSEND = YES;
				GCC_C_LANGUAGE_STANDARD = gnu99;
				GCC_DYNAMIC_NO_PIC = NO;
				GCC_NO_COMMON_BLOCKS = YES;
				GCC_OPTIMIZATION_LEVEL = 0;
				GCC_PREPROCESSOR_DEFINITIONS = (
					"DEBUG=1",
					"$(inherited)",
				);
				GCC_SYMBOLS_PRIVATE_EXTERN = NO;
				GCC_WARN_64_TO_32_BIT_CONVERSION = YES;
				GCC_WARN_ABOUT_RETURN_TYPE = YES_ERROR;
				GCC_WARN_UNDECLARED_SELECTOR = YES;
				GCC_WARN_UNINITIALIZED_AUTOS = YES_AGGRESSIVE;
				GCC_WARN_UNUSED_FUNCTION = YES;
				GCC_WARN_UNUSED_VARIABLE = YES;
				IPHONEOS_DEPLOYMENT_TARGET = 8.4;
				MTL_ENABLE_DEBUG_INFO = YES;
				ONLY_ACTIVE_ARCH = YES;
				SDKROOT = iphoneos;
				TARGETED_DEVICE_FAMILY = "1,2";
			};
			name = Debug;
		};
		00A5E7651B8D841300D6409C /* Release */ = {
			isa = XCBuildConfiguration;
			buildSettings = {
				ALWAYS_SEARCH_USER_PATHS = NO;
				CLANG_CXX_LANGUAGE_STANDARD = "gnu++0x";
				CLANG_CXX_LIBRARY = "libc++";
				CLANG_ENABLE_MODULES = YES;
				CLANG_ENABLE_OBJC_ARC = YES;
				CLANG_WARN_BOOL_CONVERSION = YES;
				CLANG_WARN_CONSTANT_CONVERSION = YES;
				CLANG_WARN_DIRECT_OBJC_ISA_USAGE = YES_ERROR;
				CLANG_WARN_EMPTY_BODY = YES;
				CLANG_WARN_ENUM_CONVERSION = YES;
				CLANG_WARN_INT_CONVERSION = YES;
				CLANG_WARN_OBJC_ROOT_CLASS = YES_ERROR;
				CLANG_WARN_UNREACHABLE_CODE = YES;
				CLANG_WARN__DUPLICATE_METHOD_MATCH = YES;
				"CODE_SIGN_IDENTITY[sdk=iphoneos*]" = "iPhone Developer";
				COPY_PHASE_STRIP = NO;
				DEBUG_INFORMATION_FORMAT = "dwarf-with-dsym";
				ENABLE_NS_ASSERTIONS = NO;
				ENABLE_STRICT_OBJC_MSGSEND = YES;
				GCC_C_LANGUAGE_STANDARD = gnu99;
				GCC_NO_COMMON_BLOCKS = YES;
				GCC_WARN_64_TO_32_BIT_CONVERSION = YES;
				GCC_WARN_ABOUT_RETURN_TYPE = YES_ERROR;
				GCC_WARN_UNDECLARED_SELECTOR = YES;
				GCC_WARN_UNINITIALIZED_AUTOS = YES_AGGRESSIVE;
				GCC_WARN_UNUSED_FUNCTION = YES;
				GCC_WARN_UNUSED_VARIABLE = YES;
				IPHONEOS_DEPLOYMENT_TARGET = 8.4;
				MTL_ENABLE_DEBUG_INFO = NO;
				SDKROOT = iphoneos;
				TARGETED_DEVICE_FAMILY = "1,2";
				VALIDATE_PRODUCT = YES;
			};
			name = Release;
		};
		00A5E7671B8D841300D6409C /* Debug */ = {
			isa = XCBuildConfiguration;
			buildSettings = {
				ASSETCATALOG_COMPILER_APPICON_NAME = AppIcon;
				INFOPLIST_FILE = MethodSwizzling/Info.plist;
				LD_RUNPATH_SEARCH_PATHS = "$(inherited) @executable_path/Frameworks";
				PRODUCT_NAME = "$(TARGET_NAME)";
			};
			name = Debug;
		};
		00A5E7681B8D841300D6409C /* Release */ = {
			isa = XCBuildConfiguration;
			buildSettings = {
				ASSETCATALOG_COMPILER_APPICON_NAME = AppIcon;
				INFOPLIST_FILE = MethodSwizzling/Info.plist;
				LD_RUNPATH_SEARCH_PATHS = "$(inherited) @executable_path/Frameworks";
				PRODUCT_NAME = "$(TARGET_NAME)";
			};
			name = Release;
		};
		00A5E76A1B8D841300D6409C /* Debug */ = {
			isa = XCBuildConfiguration;
			buildSettings = {
				BUNDLE_LOADER = "$(TEST_HOST)";
				FRAMEWORK_SEARCH_PATHS = (
					"$(SDKROOT)/Developer/Library/Frameworks",
					"$(inherited)",
				);
				GCC_PREPROCESSOR_DEFINITIONS = (
					"DEBUG=1",
					"$(inherited)",
				);
				INFOPLIST_FILE = MethodSwizzlingTests/Info.plist;
				LD_RUNPATH_SEARCH_PATHS = "$(inherited) @executable_path/Frameworks @loader_path/Frameworks";
				PRODUCT_NAME = "$(TARGET_NAME)";
				TEST_HOST = "$(BUILT_PRODUCTS_DIR)/MethodSwizzling.app/MethodSwizzling";
			};
			name = Debug;
		};
		00A5E76B1B8D841300D6409C /* Release */ = {
			isa = XCBuildConfiguration;
			buildSettings = {
				BUNDLE_LOADER = "$(TEST_HOST)";
				FRAMEWORK_SEARCH_PATHS = (
					"$(SDKROOT)/Developer/Library/Frameworks",
					"$(inherited)",
				);
				INFOPLIST_FILE = MethodSwizzlingTests/Info.plist;
				LD_RUNPATH_SEARCH_PATHS = "$(inherited) @executable_path/Frameworks @loader_path/Frameworks";
				PRODUCT_NAME = "$(TARGET_NAME)";
				TEST_HOST = "$(BUILT_PRODUCTS_DIR)/MethodSwizzling.app/MethodSwizzling";
			};
			name = Release;
		};
/* End XCBuildConfiguration section */

/* Begin XCConfigurationList section */
		00A5E73E1B8D841300D6409C /* Build configuration list for PBXProject "MethodSwizzling" */ = {
			isa = XCConfigurationList;
			buildConfigurations = (
				00A5E7641B8D841300D6409C /* Debug */,
				00A5E7651B8D841300D6409C /* Release */,
			);
			defaultConfigurationIsVisible = 0;
			defaultConfigurationName = Release;
		};
		00A5E7661B8D841300D6409C /* Build configuration list for PBXNativeTarget "MethodSwizzling" */ = {
			isa = XCConfigurationList;
			buildConfigurations = (
				00A5E7671B8D841300D6409C /* Debug */,
				00A5E7681B8D841300D6409C /* Release */,
			);
			defaultConfigurationIsVisible = 0;
		};
		00A5E7691B8D841300D6409C /* Build configuration list for PBXNativeTarget "MethodSwizzlingTests" */ = {
			isa = XCConfigurationList;
			buildConfigurations = (
				00A5E76A1B8D841300D6409C /* Debug */,
				00A5E76B1B8D841300D6409C /* Release */,
			);
			defaultConfigurationIsVisible = 0;
		};
/* End XCConfigurationList section */
	};
	rootObject = 00A5E73B1B8D841300D6409C /* Project object */;
}
